// !$*UTF8*$!
{
	archiveVersion = 1;
	classes = {
	};
	objectVersion = 50;
	objects = {

/* Begin PBXBuildFile section */
		48740EDE24D5EF8F0055B258 /* AppDelegate.swift in Sources */ = {isa = PBXBuildFile; fileRef = 48740EDD24D5EF8F0055B258 /* AppDelegate.swift */; };
		48740EE024D5EF8F0055B258 /* SceneDelegate.swift in Sources */ = {isa = PBXBuildFile; fileRef = 48740EDF24D5EF8F0055B258 /* SceneDelegate.swift */; };
		48740EE224D5EF8F0055B258 /* ContentView.swift in Sources */ = {isa = PBXBuildFile; fileRef = 48740EE124D5EF8F0055B258 /* ContentView.swift */; };
		48740EE424D5EF910055B258 /* Assets.xcassets in Resources */ = {isa = PBXBuildFile; fileRef = 48740EE324D5EF910055B258 /* Assets.xcassets */; };
		48740EE724D5EF910055B258 /* Preview Assets.xcassets in Resources */ = {isa = PBXBuildFile; fileRef = 48740EE624D5EF910055B258 /* Preview Assets.xcassets */; };
		48740EEA24D5EF910055B258 /* LaunchScreen.storyboard in Resources */ = {isa = PBXBuildFile; fileRef = 48740EE824D5EF910055B258 /* LaunchScreen.storyboard */; };
/* End PBXBuildFile section */

/* Begin PBXFileReference section */
		48740EDA24D5EF8F0055B258 /* bullseye.app */ = {isa = PBXFileReference; explicitFileType = wrapper.application; includeInIndex = 0; path = bullseye.app; sourceTree = BUILT_PRODUCTS_DIR; };
		48740EDD24D5EF8F0055B258 /* AppDelegate.swift */ = {isa = PBXFileReference; lastKnownFileType = sourcecode.swift; path = AppDelegate.swift; sourceTree = "<group>"; };
		48740EDF24D5EF8F0055B258 /* SceneDelegate.swift */ = {isa = PBXFileReference; lastKnownFileType = sourcecode.swift; path = SceneDelegate.swift; sourceTree = "<group>"; };
		48740EE124D5EF8F0055B258 /* ContentView.swift */ = {isa = PBXFileReference; lastKnownFileType = sourcecode.swift; path = ContentView.swift; sourceTree = "<group>"; };
		48740EE324D5EF910055B258 /* Assets.xcassets */ = {isa = PBXFileReference; lastKnownFileType = folder.assetcatalog; path = Assets.xcassets; sourceTree = "<group>"; };
		48740EE624D5EF910055B258 /* Preview Assets.xcassets */ = {isa = PBXFileReference; lastKnownFileType = folder.assetcatalog; path = "Preview Assets.xcassets"; sourceTree = "<group>"; };
		48740EE924D5EF910055B258 /* Base */ = {isa = PBXFileReference; lastKnownFileType = file.storyboard; name = Base; path = Base.lproj/LaunchScreen.storyboard; sourceTree = "<group>"; };
		48740EEB24D5EF910055B258 /* Info.plist */ = {isa = PBXFileReference; lastKnownFileType = text.plist.xml; path = Info.plist; sourceTree = "<group>"; };
/* End PBXFileReference section */

/* Begin PBXFrameworksBuildPhase section */
		48740ED724D5EF8F0055B258 /* Frameworks */ = {
			isa = PBXFrameworksBuildPhase;
			buildActionMask = 2147483647;
			files = (
			);
			runOnlyForDeploymentPostprocessing = 0;
		};
/* End PBXFrameworksBuildPhase section */

/* Begin PBXGroup section */
		48740ED124D5EF8F0055B258 = {
			isa = PBXGroup;
			children = (
				48740EDC24D5EF8F0055B258 /* bullseye */,
				48740EDB24D5EF8F0055B258 /* Products */,
			);
			sourceTree = "<group>";
		};
		48740EDB24D5EF8F0055B258 /* Products */ = {
			isa = PBXGroup;
			children = (
				48740EDA24D5EF8F0055B258 /* bullseye.app */,
			);
			name = Products;
			sourceTree = "<group>";
		};
		48740EDC24D5EF8F0055B258 /* bullseye */ = {
			isa = PBXGroup;
			children = (
				48740EDD24D5EF8F0055B258 /* AppDelegate.swift */,
				48740EDF24D5EF8F0055B258 /* SceneDelegate.swift */,
				48740EE124D5EF8F0055B258 /* ContentView.swift */,
				48740EE324D5EF910055B258 /* Assets.xcassets */,
				48740EE824D5EF910055B258 /* LaunchScreen.storyboard */,
				48740EEB24D5EF910055B258 /* Info.plist */,
				48740EE524D5EF910055B258 /* Preview Content */,
			);
			path = bullseye;
			sourceTree = "<group>";
		};
		48740EE524D5EF910055B258 /* Preview Content */ = {
			isa = PBXGroup;
			children = (
				48740EE624D5EF910055B258 /* Preview Assets.xcassets */,
			);
			path = "Preview Content";
			sourceTree = "<group>";
		};
/* End PBXGroup section */

/* Begin PBXNativeTarget section */
		48740ED924D5EF8F0055B258 /* bullseye */ = {
			isa = PBXNativeTarget;
			buildConfigurationList = 48740EEE24D5EF910055B258 /* Build configuration list for PBXNativeTarget "bullseye" */;
			buildPhases = (
				48740ED624D5EF8F0055B258 /* Sources */,
				48740ED724D5EF8F0055B258 /* Frameworks */,
				48740ED824D5EF8F0055B258 /* Resources */,
			);
			buildRules = (
			);
			dependencies = (
			);
			name = bullseye;
			productName = bullseye;
			productReference = 48740EDA24D5EF8F0055B258 /* bullseye.app */;
			productType = "com.apple.product-type.application";
		};
/* End PBXNativeTarget section */

/* Begin PBXProject section */
		48740ED224D5EF8F0055B258 /* Project object */ = {
			isa = PBXProject;
			attributes = {
				LastSwiftUpdateCheck = 1150;
				LastUpgradeCheck = 1150;
				ORGANIZATIONNAME = "Denis Tsoi";
				TargetAttributes = {
					48740ED924D5EF8F0055B258 = {
						CreatedOnToolsVersion = 11.5;
					};
				};
			};
			buildConfigurationList = 48740ED524D5EF8F0055B258 /* Build configuration list for PBXProject "bullseye" */;
			compatibilityVersion = "Xcode 9.3";
			developmentRegion = en;
			hasScannedForEncodings = 0;
			knownRegions = (
				en,
				Base,
			);
			mainGroup = 48740ED124D5EF8F0055B258;
			productRefGroup = 48740EDB24D5EF8F0055B258 /* Products */;
			projectDirPath = "";
			projectRoot = "";
			targets = (
				48740ED924D5EF8F0055B258 /* bullseye */,
			);
		};
/* End PBXProject section */

/* Begin PBXResourcesBuildPhase section */
		48740ED824D5EF8F0055B258 /* Resources */ = {
			isa = PBXResourcesBuildPhase;
			buildActionMask = 2147483647;
			files = (
				48740EEA24D5EF910055B258 /* LaunchScreen.storyboard in Resources */,
				48740EE724D5EF910055B258 /* Preview Assets.xcassets in Resources */,
				48740EE424D5EF910055B258 /* Assets.xcassets in Resources */,
			);
			runOnlyForDeploymentPostprocessing = 0;
		};
/* End PBXResourcesBuildPhase section */

/* Begin PBXSourcesBuildPhase section */
		48740ED624D5EF8F0055B258 /* Sources */ = {
			isa = PBXSourcesBuildPhase;
			buildActionMask = 2147483647;
			files = (
				48740EDE24D5EF8F0055B258 /* AppDelegate.swift in Sources */,
				48740EE024D5EF8F0055B258 /* SceneDelegate.swift in Sources */,
				48740EE224D5EF8F0055B258 /* ContentView.swift in Sources */,
			);
			runOnlyForDeploymentPostprocessing = 0;
		};
/* End PBXSourcesBuildPhase section */

/* Begin PBXVariantGroup section */
		48740EE824D5EF910055B258 /* LaunchScreen.storyboard */ = {
			isa = PBXVariantGroup;
			children = (
				48740EE924D5EF910055B258 /* Base */,
			);
			name = LaunchScreen.storyboard;
			sourceTree = "<group>";
		};
/* End PBXVariantGroup section */

/* Begin XCBuildConfiguration section */
		48740EEC24D5EF910055B258 /* Debug */ = {
			isa = XCBuildConfiguration;
			buildSettings = {
				ALWAYS_SEARCH_USER_PATHS = NO;
				CLANG_ANALYZER_NONNULL = YES;
				CLANG_ANALYZER_NUMBER_OBJECT_CONVERSION = YES_AGGRESSIVE;
				CLANG_CXX_LANGUAGE_STANDARD = "gnu++14";
				CLANG_CXX_LIBRARY = "libc++";
				CLANG_ENABLE_MODULES = YES;
				CLANG_ENABLE_OBJC_ARC = YES;
				CLANG_ENABLE_OBJC_WEAK = YES;
				CLANG_WARN_BLOCK_CAPTURE_AUTORELEASING = YES;
				CLANG_WARN_BOOL_CONVERSION = YES;
				CLANG_WARN_COMMA = YES;
				CLANG_WARN_CONSTANT_CONVERSION = YES;
				CLANG_WARN_DEPRECATED_OBJC_IMPLEMENTATIONS = YES;
				CLANG_WARN_DIRECT_OBJC_ISA_USAGE = YES_ERROR;
				CLANG_WARN_DOCUMENTATION_COMMENTS = YES;
				CLANG_WARN_EMPTY_BODY = YES;
				CLANG_WARN_ENUM_CONVERSION = YES;
				CLANG_WARN_INFINITE_RECURSION = YES;
				CLANG_WARN_INT_CONVERSION = YES;
				CLANG_WARN_NON_LITERAL_NULL_CONVERSION = YES;
				CLANG_WARN_OBJC_IMPLICIT_RETAIN_SELF = YES;
				CLANG_WARN_OBJC_LITERAL_CONVERSION = YES;
				CLANG_WARN_OBJC_ROOT_CLASS = YES_ERROR;
				CLANG_WARN_RANGE_LOOP_ANALYSIS = YES;
				CLANG_WARN_STRICT_PROTOTYPES = YES;
				CLANG_WARN_SUSPICIOUS_MOVE = YES;
				CLANG_WARN_UNGUARDED_AVAILABILITY = YES_AGGRESSIVE;
				CLANG_WARN_UNREACHABLE_CODE = YES;
				CLANG_WARN__DUPLICATE_METHOD_MATCH = YES;
				COPY_PHASE_STRIP = NO;
				DEBUG_INFORMATION_FORMAT = dwarf;
				ENABLE_STRICT_OBJC_MSGSEND = YES;
				ENABLE_TESTABILITY = YES;
				GCC_C_LANGUAGE_STANDARD = gnu11;
				GCC_DYNAMIC_NO_PIC = NO;
				GCC_NO_COMMON_BLOCKS = YES;
				GCC_OPTIMIZATION_LEVEL = 0;
				GCC_PREPROCESSOR_DEFINITIONS = (
					"DEBUG=1",
					"$(inherited)",
				);
				GCC_WARN_64_TO_32_BIT_CONVERSION = YES;
				GCC_WARN_ABOUT_RETURN_TYPE = YES_ERROR;
				GCC_WARN_UNDECLARED_SELECTOR = YES;
				GCC_WARN_UNINITIALIZED_AUTOS = YES_AGGRESSIVE;
				GCC_WARN_UNUSED_FUNCTION = YES;
				GCC_WARN_UNUSED_VARIABLE = YES;
				IPHONEOS_DEPLOYMENT_TARGET = 13.5;
				MTL_ENABLE_DEBUG_INFO = INCLUDE_SOURCE;
				MTL_FAST_MATH = YES;
				ONLY_ACTIVE_ARCH = YES;
				SDKROOT = iphoneos;
				SWIFT_ACTIVE_COMPILATION_CONDITIONS = DEBUG;
				SWIFT_OPTIMIZATION_LEVEL = "-Onone";
			};
			name = Debug;
		};
		48740EED24D5EF910055B258 /* Release */ = {
			isa = XCBuildConfiguration;
			buildSettings = {
				ALWAYS_SEARCH_USER_PATHS = NO;
				CLANG_ANALYZER_NONNULL = YES;
				CLANG_ANALYZER_NUMBER_OBJECT_CONVERSION = YES_AGGRESSIVE;
				CLANG_CXX_LANGUAGE_STANDARD = "gnu++14";
				CLANG_CXX_LIBRARY = "libc++";
				CLANG_ENABLE_MODULES = YES;
				CLANG_ENABLE_OBJC_ARC = YES;
				CLANG_ENABLE_OBJC_WEAK = YES;
				CLANG_WARN_BLOCK_CAPTURE_AUTORELEASING = YES;
				CLANG_WARN_BOOL_CONVERSION = YES;
				CLANG_WARN_COMMA = YES;
				CLANG_WARN_CONSTANT_CONVERSION = YES;
				CLANG_WARN_DEPRECATED_OBJC_IMPLEMENTATIONS = YES;
				CLANG_WARN_DIRECT_OBJC_ISA_USAGE = YES_ERROR;
				CLANG_WARN_DOCUMENTATION_COMMENTS = YES;
				CLANG_WARN_EMPTY_BODY = YES;
				CLANG_WARN_ENUM_CONVERSION = YES;
				CLANG_WARN_INFINITE_RECURSION = YES;
				CLANG_WARN_INT_CONVERSION = YES;
				CLANG_WARN_NON_LITERAL_NULL_CONVERSION = YES;
				CLANG_WARN_OBJC_IMPLICIT_RETAIN_SELF = YES;
				CLANG_WARN_OBJC_LITERAL_CONVERSION = YES;
				CLANG_WARN_OBJC_ROOT_CLASS = YES_ERROR;
				CLANG_WARN_RANGE_LOOP_ANALYSIS = YES;
				CLANG_WARN_STRICT_PROTOTYPES = YES;
				CLANG_WARN_SUSPICIOUS_MOVE = YES;
				CLANG_WARN_UNGUARDED_AVAILABILITY = YES_AGGRESSIVE;
				CLANG_WARN_UNREACHABLE_CODE = YES;
				CLANG_WARN__DUPLICATE_METHOD_MATCH = YES;
				COPY_PHASE_STRIP = NO;
				DEBUG_INFORMATION_FORMAT = "dwarf-with-dsym";
				ENABLE_NS_ASSERTIONS = NO;
				ENABLE_STRICT_OBJC_MSGSEND = YES;
				GCC_C_LANGUAGE_STANDARD = gnu11;
				GCC_NO_COMMON_BLOCKS = YES;
				GCC_WARN_64_TO_32_BIT_CONVERSION = YES;
				GCC_WARN_ABOUT_RETURN_TYPE = YES_ERROR;
				GCC_WARN_UNDECLARED_SELECTOR = YES;
				GCC_WARN_UNINITIALIZED_AUTOS = YES_AGGRESSIVE;
				GCC_WARN_UNUSED_FUNCTION = YES;
				GCC_WARN_UNUSED_VARIABLE = YES;
				IPHONEOS_DEPLOYMENT_TARGET = 13.5;
				MTL_ENABLE_DEBUG_INFO = NO;
				MTL_FAST_MATH = YES;
				SDKROOT = iphoneos;
				SWIFT_COMPILATION_MODE = wholemodule;
				SWIFT_OPTIMIZATION_LEVEL = "-O";
				VALIDATE_PRODUCT = YES;
			};
			name = Release;
		};
		48740EEF24D5EF910055B258 /* Debug */ = {
			isa = XCBuildConfiguration;
			buildSettings = {
				ASSETCATALOG_COMPILER_APPICON_NAME = AppIcon;
				CODE_SIGN_STYLE = Automatic;
				DEVELOPMENT_ASSET_PATHS = "\"bullseye/Preview Content\"";
				DEVELOPMENT_TEAM = 2K4LZL6R44;
				ENABLE_PREVIEWS = YES;
				INFOPLIST_FILE = bullseye/Info.plist;
				LD_RUNPATH_SEARCH_PATHS = (
					"$(inherited)",
					"@executable_path/Frameworks",
				);
				PRODUCT_BUNDLE_IDENTIFIER = denistsoi.bullseye;
				PRODUCT_NAME = "$(TARGET_NAME)";
				SWIFT_VERSION = 5.0;
				TARGETED_DEVICE_FAMILY = "1,2";
			};
			name = Debug;
		};
		48740EF024D5EF910055B258 /* Release */ = {
			isa = XCBuildConfiguration;
			buildSettings = {
				ASSETCATALOG_COMPILER_APPICON_NAME = AppIcon;
				CODE_SIGN_STYLE = Automatic;
				DEVELOPMENT_ASSET_PATHS = "\"bullseye/Preview Content\"";
				DEVELOPMENT_TEAM = 2K4LZL6R44;
				ENABLE_PREVIEWS = YES;
				INFOPLIST_FILE = bullseye/Info.plist;
				LD_RUNPATH_SEARCH_PATHS = (
					"$(inherited)",
					"@executable_path/Frameworks",
				);
				PRODUCT_BUNDLE_IDENTIFIER = denistsoi.bullseye;
				PRODUCT_NAME = "$(TARGET_NAME)";
				SWIFT_VERSION = 5.0;
				TARGETED_DEVICE_FAMILY = "1,2";
			};
			name = Release;
		};
/* End XCBuildConfiguration section */

/* Begin XCConfigurationList section */
		48740ED524D5EF8F0055B258 /* Build configuration list for PBXProject "bullseye" */ = {
			isa = XCConfigurationList;
			buildConfigurations = (
				48740EEC24D5EF910055B258 /* Debug */,
				48740EED24D5EF910055B258 /* Release */,
			);
			defaultConfigurationIsVisible = 0;
			defaultConfigurationName = Release;
		};
		48740EEE24D5EF910055B258 /* Build configuration list for PBXNativeTarget "bullseye" */ = {
			isa = XCConfigurationList;
			buildConfigurations = (
				48740EEF24D5EF910055B258 /* Debug */,
				48740EF024D5EF910055B258 /* Release */,
			);
			defaultConfigurationIsVisible = 0;
			defaultConfigurationName = Release;
		};
/* End XCConfigurationList section */
	};
	rootObject = 48740ED224D5EF8F0055B258 /* Project object */;
}
