// !$*UTF8*$!
{
	archiveVersion = 1;
	classes = {
	};
	objectVersion = 50;
	objects = {

/* Begin PBXBuildFile section */
		4812D82F24EC30C3009290D9 /* AppDelegate.swift in Sources */ = {isa = PBXBuildFile; fileRef = 4812D82E24EC30C3009290D9 /* AppDelegate.swift */; };
		4812D83124EC30C3009290D9 /* SceneDelegate.swift in Sources */ = {isa = PBXBuildFile; fileRef = 4812D83024EC30C3009290D9 /* SceneDelegate.swift */; };
		4812D83324EC30C3009290D9 /* ContentView.swift in Sources */ = {isa = PBXBuildFile; fileRef = 4812D83224EC30C3009290D9 /* ContentView.swift */; };
		4812D83524EC30C6009290D9 /* Assets.xcassets in Resources */ = {isa = PBXBuildFile; fileRef = 4812D83424EC30C6009290D9 /* Assets.xcassets */; };
		4812D83824EC30C6009290D9 /* Preview Assets.xcassets in Resources */ = {isa = PBXBuildFile; fileRef = 4812D83724EC30C6009290D9 /* Preview Assets.xcassets */; };
		4812D83B24EC30C6009290D9 /* LaunchScreen.storyboard in Resources */ = {isa = PBXBuildFile; fileRef = 4812D83924EC30C6009290D9 /* LaunchScreen.storyboard */; };
		4812D84424EC3100009290D9 /* TodoService.swift in Sources */ = {isa = PBXBuildFile; fileRef = 4812D84324EC3100009290D9 /* TodoService.swift */; };
		4812D84724EC3230009290D9 /* Todo.swift in Sources */ = {isa = PBXBuildFile; fileRef = 4812D84624EC3230009290D9 /* Todo.swift */; };
		4812D84A24EC33DF009290D9 /* TodoViewModel.swift in Sources */ = {isa = PBXBuildFile; fileRef = 4812D84924EC33DF009290D9 /* TodoViewModel.swift */; };
/* End PBXBuildFile section */

/* Begin PBXFileReference section */
		4812D82B24EC30C3009290D9 /* json-placeholder-app.app */ = {isa = PBXFileReference; explicitFileType = wrapper.application; includeInIndex = 0; path = "json-placeholder-app.app"; sourceTree = BUILT_PRODUCTS_DIR; };
		4812D82E24EC30C3009290D9 /* AppDelegate.swift */ = {isa = PBXFileReference; lastKnownFileType = sourcecode.swift; path = AppDelegate.swift; sourceTree = "<group>"; };
		4812D83024EC30C3009290D9 /* SceneDelegate.swift */ = {isa = PBXFileReference; lastKnownFileType = sourcecode.swift; path = SceneDelegate.swift; sourceTree = "<group>"; };
		4812D83224EC30C3009290D9 /* ContentView.swift */ = {isa = PBXFileReference; lastKnownFileType = sourcecode.swift; path = ContentView.swift; sourceTree = "<group>"; };
		4812D83424EC30C6009290D9 /* Assets.xcassets */ = {isa = PBXFileReference; lastKnownFileType = folder.assetcatalog; path = Assets.xcassets; sourceTree = "<group>"; };
		4812D83724EC30C6009290D9 /* Preview Assets.xcassets */ = {isa = PBXFileReference; lastKnownFileType = folder.assetcatalog; path = "Preview Assets.xcassets"; sourceTree = "<group>"; };
		4812D83A24EC30C6009290D9 /* Base */ = {isa = PBXFileReference; lastKnownFileType = file.storyboard; name = Base; path = Base.lproj/LaunchScreen.storyboard; sourceTree = "<group>"; };
		4812D83C24EC30C6009290D9 /* Info.plist */ = {isa = PBXFileReference; lastKnownFileType = text.plist.xml; path = Info.plist; sourceTree = "<group>"; };
		4812D84324EC3100009290D9 /* TodoService.swift */ = {isa = PBXFileReference; lastKnownFileType = sourcecode.swift; path = TodoService.swift; sourceTree = "<group>"; };
		4812D84624EC3230009290D9 /* Todo.swift */ = {isa = PBXFileReference; lastKnownFileType = sourcecode.swift; path = Todo.swift; sourceTree = "<group>"; };
		4812D84924EC33DF009290D9 /* TodoViewModel.swift */ = {isa = PBXFileReference; lastKnownFileType = sourcecode.swift; path = TodoViewModel.swift; sourceTree = "<group>"; };
/* End PBXFileReference section */

/* Begin PBXFrameworksBuildPhase section */
		4812D82824EC30C3009290D9 /* Frameworks */ = {
			isa = PBXFrameworksBuildPhase;
			buildActionMask = 2147483647;
			files = (
			);
			runOnlyForDeploymentPostprocessing = 0;
		};
/* End PBXFrameworksBuildPhase section */

/* Begin PBXGroup section */
		4812D82224EC30C3009290D9 = {
			isa = PBXGroup;
			children = (
				4812D82D24EC30C3009290D9 /* json-placeholder-app */,
				4812D82C24EC30C3009290D9 /* Products */,
			);
			sourceTree = "<group>";
		};
		4812D82C24EC30C3009290D9 /* Products */ = {
			isa = PBXGroup;
			children = (
				4812D82B24EC30C3009290D9 /* json-placeholder-app.app */,
			);
			name = Products;
			sourceTree = "<group>";
		};
		4812D82D24EC30C3009290D9 /* json-placeholder-app */ = {
			isa = PBXGroup;
			children = (
				4812D84824EC33CD009290D9 /* ViewModel */,
				4812D84224EC30EA009290D9 /* Services */,
				4812D84524EC3213009290D9 /* Models */,
				4812D82E24EC30C3009290D9 /* AppDelegate.swift */,
				4812D83024EC30C3009290D9 /* SceneDelegate.swift */,
				4812D83224EC30C3009290D9 /* ContentView.swift */,
				4812D83424EC30C6009290D9 /* Assets.xcassets */,
				4812D83924EC30C6009290D9 /* LaunchScreen.storyboard */,
				4812D83C24EC30C6009290D9 /* Info.plist */,
				4812D83624EC30C6009290D9 /* Preview Content */,
			);
			path = "json-placeholder-app";
			sourceTree = "<group>";
		};
		4812D83624EC30C6009290D9 /* Preview Content */ = {
			isa = PBXGroup;
			children = (
				4812D83724EC30C6009290D9 /* Preview Assets.xcassets */,
			);
			path = "Preview Content";
			sourceTree = "<group>";
		};
		4812D84224EC30EA009290D9 /* Services */ = {
			isa = PBXGroup;
			children = (
				4812D84324EC3100009290D9 /* TodoService.swift */,
			);
			path = Services;
			sourceTree = "<group>";
		};
		4812D84524EC3213009290D9 /* Models */ = {
			isa = PBXGroup;
			children = (
				4812D84624EC3230009290D9 /* Todo.swift */,
			);
			name = Models;
			sourceTree = "<group>";
		};
		4812D84824EC33CD009290D9 /* ViewModel */ = {
			isa = PBXGroup;
			children = (
				4812D84924EC33DF009290D9 /* TodoViewModel.swift */,
			);
			path = ViewModel;
			sourceTree = "<group>";
		};
/* End PBXGroup section */

/* Begin PBXNativeTarget section */
		4812D82A24EC30C3009290D9 /* json-placeholder-app */ = {
			isa = PBXNativeTarget;
			buildConfigurationList = 4812D83F24EC30C6009290D9 /* Build configuration list for PBXNativeTarget "json-placeholder-app" */;
			buildPhases = (
				4812D82724EC30C3009290D9 /* Sources */,
				4812D82824EC30C3009290D9 /* Frameworks */,
				4812D82924EC30C3009290D9 /* Resources */,
			);
			buildRules = (
			);
			dependencies = (
			);
			name = "json-placeholder-app";
			productName = "json-placeholder-app";
			productReference = 4812D82B24EC30C3009290D9 /* json-placeholder-app.app */;
			productType = "com.apple.product-type.application";
		};
/* End PBXNativeTarget section */

/* Begin PBXProject section */
		4812D82324EC30C3009290D9 /* Project object */ = {
			isa = PBXProject;
			attributes = {
				LastSwiftUpdateCheck = 1160;
				LastUpgradeCheck = 1160;
				ORGANIZATIONNAME = "Denis Tsoi";
				TargetAttributes = {
					4812D82A24EC30C3009290D9 = {
						CreatedOnToolsVersion = 11.6;
					};
				};
			};
			buildConfigurationList = 4812D82624EC30C3009290D9 /* Build configuration list for PBXProject "json-placeholder-app" */;
			compatibilityVersion = "Xcode 9.3";
			developmentRegion = en;
			hasScannedForEncodings = 0;
			knownRegions = (
				en,
				Base,
			);
			mainGroup = 4812D82224EC30C3009290D9;
			productRefGroup = 4812D82C24EC30C3009290D9 /* Products */;
			projectDirPath = "";
			projectRoot = "";
			targets = (
				4812D82A24EC30C3009290D9 /* json-placeholder-app */,
			);
		};
/* End PBXProject section */

/* Begin PBXResourcesBuildPhase section */
		4812D82924EC30C3009290D9 /* Resources */ = {
			isa = PBXResourcesBuildPhase;
			buildActionMask = 2147483647;
			files = (
				4812D83B24EC30C6009290D9 /* LaunchScreen.storyboard in Resources */,
				4812D83824EC30C6009290D9 /* Preview Assets.xcassets in Resources */,
				4812D83524EC30C6009290D9 /* Assets.xcassets in Resources */,
			);
			runOnlyForDeploymentPostprocessing = 0;
		};
/* End PBXResourcesBuildPhase section */

/* Begin PBXSourcesBuildPhase section */
		4812D82724EC30C3009290D9 /* Sources */ = {
			isa = PBXSourcesBuildPhase;
			buildActionMask = 2147483647;
			files = (
				4812D84A24EC33DF009290D9 /* TodoViewModel.swift in Sources */,
				4812D82F24EC30C3009290D9 /* AppDelegate.swift in Sources */,
				4812D84724EC3230009290D9 /* Todo.swift in Sources */,
				4812D83124EC30C3009290D9 /* SceneDelegate.swift in Sources */,
				4812D83324EC30C3009290D9 /* ContentView.swift in Sources */,
				4812D84424EC3100009290D9 /* TodoService.swift in Sources */,
			);
			runOnlyForDeploymentPostprocessing = 0;
		};
/* End PBXSourcesBuildPhase section */

/* Begin PBXVariantGroup section */
		4812D83924EC30C6009290D9 /* LaunchScreen.storyboard */ = {
			isa = PBXVariantGroup;
			children = (
				4812D83A24EC30C6009290D9 /* Base */,
			);
			name = LaunchScreen.storyboard;
			sourceTree = "<group>";
		};
/* End PBXVariantGroup section */

/* Begin XCBuildConfiguration section */
		4812D83D24EC30C6009290D9 /* Debug */ = {
			isa = XCBuildConfiguration;
			buildSettings = {
				ALWAYS_SEARCH_USER_PATHS = NO;
				CLANG_ANALYZER_NONNULL = YES;
				CLANG_ANALYZER_NUMBER_OBJECT_CONVERSION = YES_AGGRESSIVE;
				CLANG_CXX_LANGUAGE_STANDARD = "gnu++14";
				CLANG_CXX_LIBRARY = "libc++";
				CLANG_ENABLE_MODULES = YES;
				CLANG_ENABLE_OBJC_ARC = YES;
				CLANG_ENABLE_OBJC_WEAK = YES;
				CLANG_WARN_BLOCK_CAPTURE_AUTORELEASING = YES;
				CLANG_WARN_BOOL_CONVERSION = YES;
				CLANG_WARN_COMMA = YES;
				CLANG_WARN_CONSTANT_CONVERSION = YES;
				CLANG_WARN_DEPRECATED_OBJC_IMPLEMENTATIONS = YES;
				CLANG_WARN_DIRECT_OBJC_ISA_USAGE = YES_ERROR;
				CLANG_WARN_DOCUMENTATION_COMMENTS = YES;
				CLANG_WARN_EMPTY_BODY = YES;
				CLANG_WARN_ENUM_CONVERSION = YES;
				CLANG_WARN_INFINITE_RECURSION = YES;
				CLANG_WARN_INT_CONVERSION = YES;
				CLANG_WARN_NON_LITERAL_NULL_CONVERSION = YES;
				CLANG_WARN_OBJC_IMPLICIT_RETAIN_SELF = YES;
				CLANG_WARN_OBJC_LITERAL_CONVERSION = YES;
				CLANG_WARN_OBJC_ROOT_CLASS = YES_ERROR;
				CLANG_WARN_RANGE_LOOP_ANALYSIS = YES;
				CLANG_WARN_STRICT_PROTOTYPES = YES;
				CLANG_WARN_SUSPICIOUS_MOVE = YES;
				CLANG_WARN_UNGUARDED_AVAILABILITY = YES_AGGRESSIVE;
				CLANG_WARN_UNREACHABLE_CODE = YES;
				CLANG_WARN__DUPLICATE_METHOD_MATCH = YES;
				COPY_PHASE_STRIP = NO;
				DEBUG_INFORMATION_FORMAT = dwarf;
				ENABLE_STRICT_OBJC_MSGSEND = YES;
				ENABLE_TESTABILITY = YES;
				GCC_C_LANGUAGE_STANDARD = gnu11;
				GCC_DYNAMIC_NO_PIC = NO;
				GCC_NO_COMMON_BLOCKS = YES;
				GCC_OPTIMIZATION_LEVEL = 0;
				GCC_PREPROCESSOR_DEFINITIONS = (
					"DEBUG=1",
					"$(inherited)",
				);
				GCC_WARN_64_TO_32_BIT_CONVERSION = YES;
				GCC_WARN_ABOUT_RETURN_TYPE = YES_ERROR;
				GCC_WARN_UNDECLARED_SELECTOR = YES;
				GCC_WARN_UNINITIALIZED_AUTOS = YES_AGGRESSIVE;
				GCC_WARN_UNUSED_FUNCTION = YES;
				GCC_WARN_UNUSED_VARIABLE = YES;
				IPHONEOS_DEPLOYMENT_TARGET = 13.6;
				MTL_ENABLE_DEBUG_INFO = INCLUDE_SOURCE;
				MTL_FAST_MATH = YES;
				ONLY_ACTIVE_ARCH = YES;
				SDKROOT = iphoneos;
				SWIFT_ACTIVE_COMPILATION_CONDITIONS = DEBUG;
				SWIFT_OPTIMIZATION_LEVEL = "-Onone";
			};
			name = Debug;
		};
		4812D83E24EC30C6009290D9 /* Release */ = {
			isa = XCBuildConfiguration;
			buildSettings = {
				ALWAYS_SEARCH_USER_PATHS = NO;
				CLANG_ANALYZER_NONNULL = YES;
				CLANG_ANALYZER_NUMBER_OBJECT_CONVERSION = YES_AGGRESSIVE;
				CLANG_CXX_LANGUAGE_STANDARD = "gnu++14";
				CLANG_CXX_LIBRARY = "libc++";
				CLANG_ENABLE_MODULES = YES;
				CLANG_ENABLE_OBJC_ARC = YES;
				CLANG_ENABLE_OBJC_WEAK = YES;
				CLANG_WARN_BLOCK_CAPTURE_AUTORELEASING = YES;
				CLANG_WARN_BOOL_CONVERSION = YES;
				CLANG_WARN_COMMA = YES;
				CLANG_WARN_CONSTANT_CONVERSION = YES;
				CLANG_WARN_DEPRECATED_OBJC_IMPLEMENTATIONS = YES;
				CLANG_WARN_DIRECT_OBJC_ISA_USAGE = YES_ERROR;
				CLANG_WARN_DOCUMENTATION_COMMENTS = YES;
				CLANG_WARN_EMPTY_BODY = YES;
				CLANG_WARN_ENUM_CONVERSION = YES;
				CLANG_WARN_INFINITE_RECURSION = YES;
				CLANG_WARN_INT_CONVERSION = YES;
				CLANG_WARN_NON_LITERAL_NULL_CONVERSION = YES;
				CLANG_WARN_OBJC_IMPLICIT_RETAIN_SELF = YES;
				CLANG_WARN_OBJC_LITERAL_CONVERSION = YES;
				CLANG_WARN_OBJC_ROOT_CLASS = YES_ERROR;
				CLANG_WARN_RANGE_LOOP_ANALYSIS = YES;
				CLANG_WARN_STRICT_PROTOTYPES = YES;
				CLANG_WARN_SUSPICIOUS_MOVE = YES;
				CLANG_WARN_UNGUARDED_AVAILABILITY = YES_AGGRESSIVE;
				CLANG_WARN_UNREACHABLE_CODE = YES;
				CLANG_WARN__DUPLICATE_METHOD_MATCH = YES;
				COPY_PHASE_STRIP = NO;
				DEBUG_INFORMATION_FORMAT = "dwarf-with-dsym";
				ENABLE_NS_ASSERTIONS = NO;
				ENABLE_STRICT_OBJC_MSGSEND = YES;
				GCC_C_LANGUAGE_STANDARD = gnu11;
				GCC_NO_COMMON_BLOCKS = YES;
				GCC_WARN_64_TO_32_BIT_CONVERSION = YES;
				GCC_WARN_ABOUT_RETURN_TYPE = YES_ERROR;
				GCC_WARN_UNDECLARED_SELECTOR = YES;
				GCC_WARN_UNINITIALIZED_AUTOS = YES_AGGRESSIVE;
				GCC_WARN_UNUSED_FUNCTION = YES;
				GCC_WARN_UNUSED_VARIABLE = YES;
				IPHONEOS_DEPLOYMENT_TARGET = 13.6;
				MTL_ENABLE_DEBUG_INFO = NO;
				MTL_FAST_MATH = YES;
				SDKROOT = iphoneos;
				SWIFT_COMPILATION_MODE = wholemodule;
				SWIFT_OPTIMIZATION_LEVEL = "-O";
				VALIDATE_PRODUCT = YES;
			};
			name = Release;
		};
		4812D84024EC30C6009290D9 /* Debug */ = {
			isa = XCBuildConfiguration;
			buildSettings = {
				ASSETCATALOG_COMPILER_APPICON_NAME = AppIcon;
				CODE_SIGN_STYLE = Automatic;
				DEVELOPMENT_ASSET_PATHS = "\"json-placeholder-app/Preview Content\"";
				DEVELOPMENT_TEAM = 2K4LZL6R44;
				ENABLE_PREVIEWS = YES;
				INFOPLIST_FILE = "json-placeholder-app/Info.plist";
				LD_RUNPATH_SEARCH_PATHS = (
					"$(inherited)",
					"@executable_path/Frameworks",
				);
				PRODUCT_BUNDLE_IDENTIFIER = "denistsoi.json-placeholder-app";
				PRODUCT_NAME = "$(TARGET_NAME)";
				SWIFT_VERSION = 5.0;
				TARGETED_DEVICE_FAMILY = "1,2";
			};
			name = Debug;
		};
		4812D84124EC30C6009290D9 /* Release */ = {
			isa = XCBuildConfiguration;
			buildSettings = {
				ASSETCATALOG_COMPILER_APPICON_NAME = AppIcon;
				CODE_SIGN_STYLE = Automatic;
				DEVELOPMENT_ASSET_PATHS = "\"json-placeholder-app/Preview Content\"";
				DEVELOPMENT_TEAM = 2K4LZL6R44;
				ENABLE_PREVIEWS = YES;
				INFOPLIST_FILE = "json-placeholder-app/Info.plist";
				LD_RUNPATH_SEARCH_PATHS = (
					"$(inherited)",
					"@executable_path/Frameworks",
				);
				PRODUCT_BUNDLE_IDENTIFIER = "denistsoi.json-placeholder-app";
				PRODUCT_NAME = "$(TARGET_NAME)";
				SWIFT_VERSION = 5.0;
				TARGETED_DEVICE_FAMILY = "1,2";
			};
			name = Release;
		};
/* End XCBuildConfiguration section */

/* Begin XCConfigurationList section */
		4812D82624EC30C3009290D9 /* Build configuration list for PBXProject "json-placeholder-app" */ = {
			isa = XCConfigurationList;
			buildConfigurations = (
				4812D83D24EC30C6009290D9 /* Debug */,
				4812D83E24EC30C6009290D9 /* Release */,
			);
			defaultConfigurationIsVisible = 0;
			defaultConfigurationName = Release;
		};
		4812D83F24EC30C6009290D9 /* Build configuration list for PBXNativeTarget "json-placeholder-app" */ = {
			isa = XCConfigurationList;
			buildConfigurations = (
				4812D84024EC30C6009290D9 /* Debug */,
				4812D84124EC30C6009290D9 /* Release */,
			);
			defaultConfigurationIsVisible = 0;
			defaultConfigurationName = Release;
		};
/* End XCConfigurationList section */
	};
	rootObject = 4812D82324EC30C3009290D9 /* Project object */;
}
